Microsoft Visual Studio Solution File, Format Version 12.00
# Visual Studio 15
VisualStudioVersion = 15.0.26124.0
MinimumVisualStudioVersion = 15.0.26124.0
Project("{9A19103F-16F7-4668-BE54-9A1E7A4F7556}") = "EmailServiceCliente", "EmailServiceCliente\EmailServiceCliente.csproj", "{13A4EBAE-3072-4D6D-AE43-2AEC2C982228}"
EndProject
Project("{9A19103F-16F7-4668-BE54-9A1E7A4F7556}") = "EmailService", "EmailService\EmailService.csproj", "{58C51D97-AD26-459B-A7B8-6ADBFA3F00A5}"
EndProject
Global
	GlobalSection(SolutionConfigurationPlatforms) = preSolution
		Debug|Any CPU = Debug|Any CPU
		Debug|x64 = Debug|x64
		Debug|x86 = Debug|x86
		Release|Any CPU = Release|Any CPU
		Release|x64 = Release|x64
		Release|x86 = Release|x86
	EndGlobalSection
	GlobalSection(ProjectConfigurationPlatforms) = postSolution
		{13A4EBAE-3072-4D6D-AE43-2AEC2C982228}.Debug|Any CPU.ActiveCfg = Debug|Any CPU
		{13A4EBAE-3072-4D6D-AE43-2AEC2C982228}.Debug|Any CPU.Build.0 = Debug|Any CPU
		{13A4EBAE-3072-4D6D-AE43-2AEC2C982228}.Debug|x64.ActiveCfg = Debug|Any CPU
		{13A4EBAE-3072-4D6D-AE43-2AEC2C982228}.Debug|x64.Build.0 = Debug|Any CPU
		{13A4EBAE-3072-4D6D-AE43-2AEC2C982228}.Debug|x86.ActiveCfg = Debug|Any CPU
		{13A4EBAE-3072-4D6D-AE43-2AEC2C982228}.Debug|x86.Build.0 = Debug|Any CPU
		{13A4EBAE-3072-4D6D-AE43-2AEC2C982228}.Release|Any CPU.ActiveCfg = Release|Any CPU
		{13A4EBAE-3072-4D6D-AE43-2AEC2C982228}.Release|Any CPU.Build.0 = Release|Any CPU
		{13A4EBAE-3072-4D6D-AE43-2AEC2C982228}.Release|x64.ActiveCfg = Release|Any CPU
		{13A4EBAE-3072-4D6D-AE43-2AEC2C982228}.Release|x64.Build.0 = Release|Any CPU
		{13A4EBAE-3072-4D6D-AE43-2AEC2C982228}.Release|x86.ActiveCfg = Release|Any CPU
		{13A4EBAE-3072-4D6D-AE43-2AEC2C982228}.Release|x86.Build.0 = Release|Any CPU
		{58C51D97-AD26-459B-A7B8-6ADBFA3F00A5}.Debug|Any CPU.ActiveCfg = Debug|Any CPU
		{58C51D97-AD26-459B-A7B8-6ADBFA3F00A5}.Debug|Any CPU.Build.0 = Debug|Any CPU
		{58C51D97-AD26-459B-A7B8-6ADBFA3F00A5}.Debug|x64.ActiveCfg = Debug|Any CPU
		{58C51D97-AD26-459B-A7B8-6ADBFA3F00A5}.Debug|x64.Build.0 = Debug|Any CPU
		{58C51D97-AD26-459B-A7B8-6ADBFA3F00A5}.Debug|x86.ActiveCfg = Debug|Any CPU
		{58C51D97-AD26-459B-A7B8-6ADBFA3F00A5}.Debug|x86.Build.0 = Debug|Any CPU
		{58C51D97-AD26-459B-A7B8-6ADBFA3F00A5}.Release|Any CPU.ActiveCfg = Release|Any CPU
		{58C51D97-AD26-459B-A7B8-6ADBFA3F00A5}.Release|Any CPU.Build.0 = Release|Any CPU
		{58C51D97-AD26-459B-A7B8-6ADBFA3F00A5}.Release|x64.ActiveCfg = Release|Any CPU
		{58C51D97-AD26-459B-A7B8-6ADBFA3F00A5}.Release|x64.Build.0 = Release|Any CPU
		{58C51D97-AD26-459B-A7B8-6ADBFA3F00A5}.Release|x86.ActiveCfg = Release|Any CPU
		{58C51D97-AD26-459B-A7B8-6ADBFA3F00A5}.Release|x86.Build.0 = Release|Any CPU
	EndGlobalSection
	GlobalSection(SolutionProperties) = preSolution
		HideSolutionNode = FALSE
	EndGlobalSection
	GlobalSection(ExtensibilityGlobals) = postSolution
		SolutionGuid = {B7B77023-5B3D-4FA3-B9F3-A76F3EA3D4EA}
	EndGlobalSection
EndGlobal
