
Microsoft Visual Studio Solution File, Format Version 12.00
# Visual Studio 15
VisualStudioVersion = 15.0.26124.0
MinimumVisualStudioVersion = 15.0.26124.0
Project("{9A19103F-16F7-4668-BE54-9A1E7A4F7556}") = "Facebook", "Facebook\Facebook.csproj", "{22F5AE9F-1E4A-4757-8ECB-C15A753DC3CB}"
EndProject
Project("{9A19103F-16F7-4668-BE54-9A1E7A4F7556}") = "FacebookTest", "FacebookTest\FacebookTest.csproj", "{EF33F91D-1669-4A9E-9C8C-BDB98408D824}"
EndProject
Global
	GlobalSection(SolutionConfigurationPlatforms) = preSolution
		Debug|Any CPU = Debug|Any CPU
		Debug|x64 = Debug|x64
		Debug|x86 = Debug|x86
		Release|Any CPU = Release|Any CPU
		Release|x64 = Release|x64
		Release|x86 = Release|x86
	EndGlobalSection
	GlobalSection(ProjectConfigurationPlatforms) = postSolution
		{22F5AE9F-1E4A-4757-8ECB-C15A753DC3CB}.Debug|Any CPU.ActiveCfg = Debug|Any CPU
		{22F5AE9F-1E4A-4757-8ECB-C15A753DC3CB}.Debug|Any CPU.Build.0 = Debug|Any CPU
		{22F5AE9F-1E4A-4757-8ECB-C15A753DC3CB}.Debug|x64.ActiveCfg = Debug|Any CPU
		{22F5AE9F-1E4A-4757-8ECB-C15A753DC3CB}.Debug|x64.Build.0 = Debug|Any CPU
		{22F5AE9F-1E4A-4757-8ECB-C15A753DC3CB}.Debug|x86.ActiveCfg = Debug|Any CPU
		{22F5AE9F-1E4A-4757-8ECB-C15A753DC3CB}.Debug|x86.Build.0 = Debug|Any CPU
		{22F5AE9F-1E4A-4757-8ECB-C15A753DC3CB}.Release|Any CPU.ActiveCfg = Release|Any CPU
		{22F5AE9F-1E4A-4757-8ECB-C15A753DC3CB}.Release|Any CPU.Build.0 = Release|Any CPU
		{22F5AE9F-1E4A-4757-8ECB-C15A753DC3CB}.Release|x64.ActiveCfg = Release|Any CPU
		{22F5AE9F-1E4A-4757-8ECB-C15A753DC3CB}.Release|x64.Build.0 = Release|Any CPU
		{22F5AE9F-1E4A-4757-8ECB-C15A753DC3CB}.Release|x86.ActiveCfg = Release|Any CPU
		{22F5AE9F-1E4A-4757-8ECB-C15A753DC3CB}.Release|x86.Build.0 = Release|Any CPU
		{EF33F91D-1669-4A9E-9C8C-BDB98408D824}.Debug|Any CPU.ActiveCfg = Debug|Any CPU
		{EF33F91D-1669-4A9E-9C8C-BDB98408D824}.Debug|Any CPU.Build.0 = Debug|Any CPU
		{EF33F91D-1669-4A9E-9C8C-BDB98408D824}.Debug|x64.ActiveCfg = Debug|Any CPU
		{EF33F91D-1669-4A9E-9C8C-BDB98408D824}.Debug|x64.Build.0 = Debug|Any CPU
		{EF33F91D-1669-4A9E-9C8C-BDB98408D824}.Debug|x86.ActiveCfg = Debug|Any CPU
		{EF33F91D-1669-4A9E-9C8C-BDB98408D824}.Debug|x86.Build.0 = Debug|Any CPU
		{EF33F91D-1669-4A9E-9C8C-BDB98408D824}.Release|Any CPU.ActiveCfg = Release|Any CPU
		{EF33F91D-1669-4A9E-9C8C-BDB98408D824}.Release|Any CPU.Build.0 = Release|Any CPU
		{EF33F91D-1669-4A9E-9C8C-BDB98408D824}.Release|x64.ActiveCfg = Release|Any CPU
		{EF33F91D-1669-4A9E-9C8C-BDB98408D824}.Release|x64.Build.0 = Release|Any CPU
		{EF33F91D-1669-4A9E-9C8C-BDB98408D824}.Release|x86.ActiveCfg = Release|Any CPU
		{EF33F91D-1669-4A9E-9C8C-BDB98408D824}.Release|x86.Build.0 = Release|Any CPU
	EndGlobalSection
	GlobalSection(SolutionProperties) = preSolution
		HideSolutionNode = FALSE
	EndGlobalSection
	GlobalSection(ExtensibilityGlobals) = postSolution
		SolutionGuid = {AD27D37E-D392-446F-BF25-BB6425D66241}
	EndGlobalSection
EndGlobal
